
Microsoft Visual Studio Solution File, Format Version 12.00
# Visual Studio Version 16
VisualStudioVersion = 16.0.31624.102
MinimumVisualStudioVersion = 10.0.40219.1
Project("{FAE04EC0-301F-11D3-BF4B-00C04F79EFBC}") = "Asset", "Asset\Asset.csproj", "{93C33B75-FB3E-4A8B-8E0D-4EA2F655EBD1}"
EndProject
Global
	GlobalSection(SolutionConfigurationPlatforms) = preSolution
		Debug|Any CPU = Debug|Any CPU
		Release|Any CPU = Release|Any CPU
	EndGlobalSection
	GlobalSection(ProjectConfigurationPlatforms) = postSolution
		{93C33B75-FB3E-4A8B-8E0D-4EA2F655EBD1}.Debug|Any CPU.ActiveCfg = Debug|Any CPU
		{93C33B75-FB3E-4A8B-8E0D-4EA2F655EBD1}.Debug|Any CPU.Build.0 = Debug|Any CPU
		{93C33B75-FB3E-4A8B-8E0D-4EA2F655EBD1}.Release|Any CPU.ActiveCfg = Release|Any CPU
		{93C33B75-FB3E-4A8B-8E0D-4EA2F655EBD1}.Release|Any CPU.Build.0 = Release|Any CPU
	EndGlobalSection
	GlobalSection(SolutionProperties) = preSolution
		HideSolutionNode = FALSE
	EndGlobalSection
	GlobalSection(ExtensibilityGlobals) = postSolution
		SolutionGuid = {3D727433-56DB-409C-9014-D251B7B5A6F5}
	EndGlobalSection
EndGlobal
